// !$*UTF8*$!
{
	archiveVersion = 1;
	classes = {
	};
	objectVersion = 46;
	objects = {

/* Begin PBXBuildFile section */
		FE06867A1A821FA5005827E3 /* Foundation.framework in Frameworks */ = {isa = PBXBuildFile; fileRef = FE0686791A821FA5005827E3 /* Foundation.framework */; };
		FE06867C1A821FA5005827E3 /* CoreGraphics.framework in Frameworks */ = {isa = PBXBuildFile; fileRef = FE06867B1A821FA5005827E3 /* CoreGraphics.framework */; };
		FE06867E1A821FA5005827E3 /* UIKit.framework in Frameworks */ = {isa = PBXBuildFile; fileRef = FE06867D1A821FA5005827E3 /* UIKit.framework */; };
		FE0686841A821FA5005827E3 /* InfoPlist.strings in Resources */ = {isa = PBXBuildFile; fileRef = FE0686821A821FA5005827E3 /* InfoPlist.strings */; };
		FE0686861A821FA5005827E3 /* main.m in Sources */ = {isa = PBXBuildFile; fileRef = FE0686851A821FA5005827E3 /* main.m */; };
		FE06868A1A821FA5005827E3 /* AppDelegate.m in Sources */ = {isa = PBXBuildFile; fileRef = FE0686891A821FA5005827E3 /* AppDelegate.m */; };
		FE06868C1A821FA5005827E3 /* Images.xcassets in Resources */ = {isa = PBXBuildFile; fileRef = FE06868B1A821FA5005827E3 /* Images.xcassets */; };
		FE0686931A821FA5005827E3 /* XCTest.framework in Frameworks */ = {isa = PBXBuildFile; fileRef = FE0686921A821FA5005827E3 /* XCTest.framework */; };
		FE0686941A821FA5005827E3 /* Foundation.framework in Frameworks */ = {isa = PBXBuildFile; fileRef = FE0686791A821FA5005827E3 /* Foundation.framework */; };
		FE0686951A821FA5005827E3 /* UIKit.framework in Frameworks */ = {isa = PBXBuildFile; fileRef = FE06867D1A821FA5005827E3 /* UIKit.framework */; };
		FE06869D1A821FA5005827E3 /* InfoPlist.strings in Resources */ = {isa = PBXBuildFile; fileRef = FE06869B1A821FA5005827E3 /* InfoPlist.strings */; };
		FE06869F1A821FA5005827E3 /* messengerTests.m in Sources */ = {isa = PBXBuildFile; fileRef = FE06869E1A821FA5005827E3 /* messengerTests.m */; };
/* End PBXBuildFile section */

/* Begin PBXContainerItemProxy section */
		FE0686961A821FA5005827E3 /* PBXContainerItemProxy */ = {
			isa = PBXContainerItemProxy;
			containerPortal = FE06866E1A821FA5005827E3 /* Project object */;
			proxyType = 1;
			remoteGlobalIDString = FE0686751A821FA5005827E3;
			remoteInfo = messenger;
		};
/* End PBXContainerItemProxy section */

/* Begin PBXFileReference section */
		FE0686761A821FA5005827E3 /* messenger.app */ = {isa = PBXFileReference; explicitFileType = wrapper.application; includeInIndex = 0; path = messenger.app; sourceTree = BUILT_PRODUCTS_DIR; };
		FE0686791A821FA5005827E3 /* Foundation.framework */ = {isa = PBXFileReference; lastKnownFileType = wrapper.framework; name = Foundation.framework; path = System/Library/Frameworks/Foundation.framework; sourceTree = SDKROOT; };
		FE06867B1A821FA5005827E3 /* CoreGraphics.framework */ = {isa = PBXFileReference; lastKnownFileType = wrapper.framework; name = CoreGraphics.framework; path = System/Library/Frameworks/CoreGraphics.framework; sourceTree = SDKROOT; };
		FE06867D1A821FA5005827E3 /* UIKit.framework */ = {isa = PBXFileReference; lastKnownFileType = wrapper.framework; name = UIKit.framework; path = System/Library/Frameworks/UIKit.framework; sourceTree = SDKROOT; };
		FE0686811A821FA5005827E3 /* messenger-Info.plist */ = {isa = PBXFileReference; lastKnownFileType = text.plist.xml; path = "messenger-Info.plist"; sourceTree = "<group>"; };
		FE0686831A821FA5005827E3 /* en */ = {isa = PBXFileReference; lastKnownFileType = text.plist.strings; name = en; path = en.lproj/InfoPlist.strings; sourceTree = "<group>"; };
		FE0686851A821FA5005827E3 /* main.m */ = {isa = PBXFileReference; lastKnownFileType = sourcecode.c.objc; path = main.m; sourceTree = "<group>"; };
		FE0686871A821FA5005827E3 /* messenger-Prefix.pch */ = {isa = PBXFileReference; lastKnownFileType = sourcecode.c.h; path = "messenger-Prefix.pch"; sourceTree = "<group>"; };
		FE0686881A821FA5005827E3 /* AppDelegate.h */ = {isa = PBXFileReference; lastKnownFileType = sourcecode.c.h; path = AppDelegate.h; sourceTree = "<group>"; };
		FE0686891A821FA5005827E3 /* AppDelegate.m */ = {isa = PBXFileReference; lastKnownFileType = sourcecode.c.objc; path = AppDelegate.m; sourceTree = "<group>"; };
		FE06868B1A821FA5005827E3 /* Images.xcassets */ = {isa = PBXFileReference; lastKnownFileType = folder.assetcatalog; path = Images.xcassets; sourceTree = "<group>"; };
		FE0686911A821FA5005827E3 /* messengerTests.xctest */ = {isa = PBXFileReference; explicitFileType = wrapper.cfbundle; includeInIndex = 0; path = messengerTests.xctest; sourceTree = BUILT_PRODUCTS_DIR; };
		FE0686921A821FA5005827E3 /* XCTest.framework */ = {isa = PBXFileReference; lastKnownFileType = wrapper.framework; name = XCTest.framework; path = Library/Frameworks/XCTest.framework; sourceTree = DEVELOPER_DIR; };
		FE06869A1A821FA5005827E3 /* messengerTests-Info.plist */ = {isa = PBXFileReference; lastKnownFileType = text.plist.xml; path = "messengerTests-Info.plist"; sourceTree = "<group>"; };
		FE06869C1A821FA5005827E3 /* en */ = {isa = PBXFileReference; lastKnownFileType = text.plist.strings; name = en; path = en.lproj/InfoPlist.strings; sourceTree = "<group>"; };
		FE06869E1A821FA5005827E3 /* messengerTests.m */ = {isa = PBXFileReference; lastKnownFileType = sourcecode.c.objc; path = messengerTests.m; sourceTree = "<group>"; };
/* End PBXFileReference section */

/* Begin PBXFrameworksBuildPhase section */
		FE0686731A821FA5005827E3 /* Frameworks */ = {
			isa = PBXFrameworksBuildPhase;
			buildActionMask = 2147483647;
			files = (
				FE06867C1A821FA5005827E3 /* CoreGraphics.framework in Frameworks */,
				FE06867E1A821FA5005827E3 /* UIKit.framework in Frameworks */,
				FE06867A1A821FA5005827E3 /* Foundation.framework in Frameworks */,
			);
			runOnlyForDeploymentPostprocessing = 0;
		};
		FE06868E1A821FA5005827E3 /* Frameworks */ = {
			isa = PBXFrameworksBuildPhase;
			buildActionMask = 2147483647;
			files = (
				FE0686931A821FA5005827E3 /* XCTest.framework in Frameworks */,
				FE0686951A821FA5005827E3 /* UIKit.framework in Frameworks */,
				FE0686941A821FA5005827E3 /* Foundation.framework in Frameworks */,
			);
			runOnlyForDeploymentPostprocessing = 0;
		};
/* End PBXFrameworksBuildPhase section */

/* Begin PBXGroup section */
		FE06866D1A821FA5005827E3 = {
			isa = PBXGroup;
			children = (
				FE06867F1A821FA5005827E3 /* messenger */,
				FE0686981A821FA5005827E3 /* messengerTests */,
				FE0686781A821FA5005827E3 /* Frameworks */,
				FE0686771A821FA5005827E3 /* Products */,
			);
			sourceTree = "<group>";
		};
		FE0686771A821FA5005827E3 /* Products */ = {
			isa = PBXGroup;
			children = (
				FE0686761A821FA5005827E3 /* messenger.app */,
				FE0686911A821FA5005827E3 /* messengerTests.xctest */,
			);
			name = Products;
			sourceTree = "<group>";
		};
		FE0686781A821FA5005827E3 /* Frameworks */ = {
			isa = PBXGroup;
			children = (
				FE0686791A821FA5005827E3 /* Foundation.framework */,
				FE06867B1A821FA5005827E3 /* CoreGraphics.framework */,
				FE06867D1A821FA5005827E3 /* UIKit.framework */,
				FE0686921A821FA5005827E3 /* XCTest.framework */,
			);
			name = Frameworks;
			sourceTree = "<group>";
		};
		FE06867F1A821FA5005827E3 /* messenger */ = {
			isa = PBXGroup;
			children = (
				FE0686881A821FA5005827E3 /* AppDelegate.h */,
				FE0686891A821FA5005827E3 /* AppDelegate.m */,
				FE06868B1A821FA5005827E3 /* Images.xcassets */,
				FE0686801A821FA5005827E3 /* Supporting Files */,
			);
			path = messenger;
			sourceTree = "<group>";
		};
		FE0686801A821FA5005827E3 /* Supporting Files */ = {
			isa = PBXGroup;
			children = (
				FE0686811A821FA5005827E3 /* messenger-Info.plist */,
				FE0686821A821FA5005827E3 /* InfoPlist.strings */,
				FE0686851A821FA5005827E3 /* main.m */,
				FE0686871A821FA5005827E3 /* messenger-Prefix.pch */,
			);
			name = "Supporting Files";
			sourceTree = "<group>";
		};
		FE0686981A821FA5005827E3 /* messengerTests */ = {
			isa = PBXGroup;
			children = (
				FE06869E1A821FA5005827E3 /* messengerTests.m */,
				FE0686991A821FA5005827E3 /* Supporting Files */,
			);
			path = messengerTests;
			sourceTree = "<group>";
		};
		FE0686991A821FA5005827E3 /* Supporting Files */ = {
			isa = PBXGroup;
			children = (
				FE06869A1A821FA5005827E3 /* messengerTests-Info.plist */,
				FE06869B1A821FA5005827E3 /* InfoPlist.strings */,
			);
			name = "Supporting Files";
			sourceTree = "<group>";
		};
/* End PBXGroup section */

/* Begin PBXNativeTarget section */
		FE0686751A821FA5005827E3 /* messenger */ = {
			isa = PBXNativeTarget;
			buildConfigurationList = FE0686A21A821FA5005827E3 /* Build configuration list for PBXNativeTarget "messenger" */;
			buildPhases = (
				FE0686721A821FA5005827E3 /* Sources */,
				FE0686731A821FA5005827E3 /* Frameworks */,
				FE0686741A821FA5005827E3 /* Resources */,
			);
			buildRules = (
			);
			dependencies = (
			);
			name = messenger;
			productName = messenger;
			productReference = FE0686761A821FA5005827E3 /* messenger.app */;
			productType = "com.apple.product-type.application";
		};
		FE0686901A821FA5005827E3 /* messengerTests */ = {
			isa = PBXNativeTarget;
			buildConfigurationList = FE0686A51A821FA5005827E3 /* Build configuration list for PBXNativeTarget "messengerTests" */;
			buildPhases = (
				FE06868D1A821FA5005827E3 /* Sources */,
				FE06868E1A821FA5005827E3 /* Frameworks */,
				FE06868F1A821FA5005827E3 /* Resources */,
			);
			buildRules = (
			);
			dependencies = (
				FE0686971A821FA5005827E3 /* PBXTargetDependency */,
			);
			name = messengerTests;
			productName = messengerTests;
			productReference = FE0686911A821FA5005827E3 /* messengerTests.xctest */;
			productType = "com.apple.product-type.bundle.unit-test";
		};
/* End PBXNativeTarget section */

/* Begin PBXProject section */
		FE06866E1A821FA5005827E3 /* Project object */ = {
			isa = PBXProject;
			attributes = {
				LastUpgradeCheck = 0510;
				ORGANIZATIONNAME = saurabh;
				TargetAttributes = {
					FE0686901A821FA5005827E3 = {
						TestTargetID = FE0686751A821FA5005827E3;
					};
				};
			};
			buildConfigurationList = FE0686711A821FA5005827E3 /* Build configuration list for PBXProject "messenger" */;
			compatibilityVersion = "Xcode 3.2";
			developmentRegion = English;
			hasScannedForEncodings = 0;
			knownRegions = (
				en,
			);
			mainGroup = FE06866D1A821FA5005827E3;
			productRefGroup = FE0686771A821FA5005827E3 /* Products */;
			projectDirPath = "";
			projectRoot = "";
			targets = (
				FE0686751A821FA5005827E3 /* messenger */,
				FE0686901A821FA5005827E3 /* messengerTests */,
			);
		};
/* End PBXProject section */

/* Begin PBXResourcesBuildPhase section */
		FE0686741A821FA5005827E3 /* Resources */ = {
			isa = PBXResourcesBuildPhase;
			buildActionMask = 2147483647;
			files = (
				FE0686841A821FA5005827E3 /* InfoPlist.strings in Resources */,
				FE06868C1A821FA5005827E3 /* Images.xcassets in Resources */,
			);
			runOnlyForDeploymentPostprocessing = 0;
		};
		FE06868F1A821FA5005827E3 /* Resources */ = {
			isa = PBXResourcesBuildPhase;
			buildActionMask = 2147483647;
			files = (
				FE06869D1A821FA5005827E3 /* InfoPlist.strings in Resources */,
			);
			runOnlyForDeploymentPostprocessing = 0;
		};
/* End PBXResourcesBuildPhase section */

/* Begin PBXSourcesBuildPhase section */
		FE0686721A821FA5005827E3 /* Sources */ = {
			isa = PBXSourcesBuildPhase;
			buildActionMask = 2147483647;
			files = (
				FE06868A1A821FA5005827E3 /* AppDelegate.m in Sources */,
				FE0686861A821FA5005827E3 /* main.m in Sources */,
			);
			runOnlyForDeploymentPostprocessing = 0;
		};
		FE06868D1A821FA5005827E3 /* Sources */ = {
			isa = PBXSourcesBuildPhase;
			buildActionMask = 2147483647;
			files = (
				FE06869F1A821FA5005827E3 /* messengerTests.m in Sources */,
			);
			runOnlyForDeploymentPostprocessing = 0;
		};
/* End PBXSourcesBuildPhase section */

/* Begin PBXTargetDependency section */
		FE0686971A821FA5005827E3 /* PBXTargetDependency */ = {
			isa = PBXTargetDependency;
			target = FE0686751A821FA5005827E3 /* messenger */;
			targetProxy = FE0686961A821FA5005827E3 /* PBXContainerItemProxy */;
		};
/* End PBXTargetDependency section */

/* Begin PBXVariantGroup section */
		FE0686821A821FA5005827E3 /* InfoPlist.strings */ = {
			isa = PBXVariantGroup;
			children = (
				FE0686831A821FA5005827E3 /* en */,
			);
			name = InfoPlist.strings;
			sourceTree = "<group>";
		};
		FE06869B1A821FA5005827E3 /* InfoPlist.strings */ = {
			isa = PBXVariantGroup;
			children = (
				FE06869C1A821FA5005827E3 /* en */,
			);
			name = InfoPlist.strings;
			sourceTree = "<group>";
		};
/* End PBXVariantGroup section */

/* Begin XCBuildConfiguration section */
		FE0686A01A821FA5005827E3 /* Debug */ = {
			isa = XCBuildConfiguration;
			buildSettings = {
				ALWAYS_SEARCH_USER_PATHS = NO;
				CLANG_CXX_LANGUAGE_STANDARD = "gnu++0x";
				CLANG_CXX_LIBRARY = "libc++";
				CLANG_ENABLE_MODULES = YES;
				CLANG_ENABLE_OBJC_ARC = YES;
				CLANG_WARN_BOOL_CONVERSION = YES;
				CLANG_WARN_CONSTANT_CONVERSION = YES;
				CLANG_WARN_DIRECT_OBJC_ISA_USAGE = YES_ERROR;
				CLANG_WARN_EMPTY_BODY = YES;
				CLANG_WARN_ENUM_CONVERSION = YES;
				CLANG_WARN_INT_CONVERSION = YES;
				CLANG_WARN_OBJC_ROOT_CLASS = YES_ERROR;
				CLANG_WARN__DUPLICATE_METHOD_MATCH = YES;
				"CODE_SIGN_IDENTITY[sdk=iphoneos*]" = "iPhone Developer";
				COPY_PHASE_STRIP = NO;
				GCC_C_LANGUAGE_STANDARD = gnu99;
				GCC_DYNAMIC_NO_PIC = NO;
				GCC_OPTIMIZATION_LEVEL = 0;
				GCC_PREPROCESSOR_DEFINITIONS = (
					"DEBUG=1",
					"$(inherited)",
				);
				GCC_SYMBOLS_PRIVATE_EXTERN = NO;
				GCC_WARN_64_TO_32_BIT_CONVERSION = YES;
				GCC_WARN_ABOUT_RETURN_TYPE = YES_ERROR;
				GCC_WARN_UNDECLARED_SELECTOR = YES;
				GCC_WARN_UNINITIALIZED_AUTOS = YES_AGGRESSIVE;
				GCC_WARN_UNUSED_FUNCTION = YES;
				GCC_WARN_UNUSED_VARIABLE = YES;
				IPHONEOS_DEPLOYMENT_TARGET = 7.1;
				ONLY_ACTIVE_ARCH = YES;
				SDKROOT = iphoneos;
			};
			name = Debug;
		};
		FE0686A11A821FA5005827E3 /* Release */ = {
			isa = XCBuildConfiguration;
			buildSettings = {
				ALWAYS_SEARCH_USER_PATHS = NO;
				CLANG_CXX_LANGUAGE_STANDARD = "gnu++0x";
				CLANG_CXX_LIBRARY = "libc++";
				CLANG_ENABLE_MODULES = YES;
				CLANG_ENABLE_OBJC_ARC = YES;
				CLANG_WARN_BOOL_CONVERSION = YES;
				CLANG_WARN_CONSTANT_CONVERSION = YES;
				CLANG_WARN_DIRECT_OBJC_ISA_USAGE = YES_ERROR;
				CLANG_WARN_EMPTY_BODY = YES;
				CLANG_WARN_ENUM_CONVERSION = YES;
				CLANG_WARN_INT_CONVERSION = YES;
				CLANG_WARN_OBJC_ROOT_CLASS = YES_ERROR;
				CLANG_WARN__DUPLICATE_METHOD_MATCH = YES;
				"CODE_SIGN_IDENTITY[sdk=iphoneos*]" = "iPhone Developer";
				COPY_PHASE_STRIP = YES;
				ENABLE_NS_ASSERTIONS = NO;
				GCC_C_LANGUAGE_STANDARD = gnu99;
				GCC_WARN_64_TO_32_BIT_CONVERSION = YES;
				GCC_WARN_ABOUT_RETURN_TYPE = YES_ERROR;
				GCC_WARN_UNDECLARED_SELECTOR = YES;
				GCC_WARN_UNINITIALIZED_AUTOS = YES_AGGRESSIVE;
				GCC_WARN_UNUSED_FUNCTION = YES;
				GCC_WARN_UNUSED_VARIABLE = YES;
				IPHONEOS_DEPLOYMENT_TARGET = 7.1;
				SDKROOT = iphoneos;
				VALIDATE_PRODUCT = YES;
			};
			name = Release;
		};
		FE0686A31A821FA5005827E3 /* Debug */ = {
			isa = XCBuildConfiguration;
			buildSettings = {
				ASSETCATALOG_COMPILER_APPICON_NAME = AppIcon;
				ASSETCATALOG_COMPILER_LAUNCHIMAGE_NAME = LaunchImage;
				GCC_PRECOMPILE_PREFIX_HEADER = YES;
				GCC_PREFIX_HEADER = "messenger/messenger-Prefix.pch";
				INFOPLIST_FILE = "messenger/messenger-Info.plist";
				PRODUCT_NAME = "$(TARGET_NAME)";
				WRAPPER_EXTENSION = app;
			};
			name = Debug;
		};
		FE0686A41A821FA5005827E3 /* Release */ = {
			isa = XCBuildConfiguration;
			buildSettings = {
				ASSETCATALOG_COMPILER_APPICON_NAME = AppIcon;
				ASSETCATALOG_COMPILER_LAUNCHIMAGE_NAME = LaunchImage;
				GCC_PRECOMPILE_PREFIX_HEADER = YES;
				GCC_PREFIX_HEADER = "messenger/messenger-Prefix.pch";
				INFOPLIST_FILE = "messenger/messenger-Info.plist";
				PRODUCT_NAME = "$(TARGET_NAME)";
				WRAPPER_EXTENSION = app;
			};
			name = Release;
		};
		FE0686A61A821FA5005827E3 /* Debug */ = {
			isa = XCBuildConfiguration;
			buildSettings = {
				BUNDLE_LOADER = "$(BUILT_PRODUCTS_DIR)/messenger.app/messenger";
				FRAMEWORK_SEARCH_PATHS = (
					"$(SDKROOT)/Developer/Library/Frameworks",
					"$(inherited)",
					"$(DEVELOPER_FRAMEWORKS_DIR)",
				);
				GCC_PRECOMPILE_PREFIX_HEADER = YES;
				GCC_PREFIX_HEADER = "messenger/messenger-Prefix.pch";
				GCC_PREPROCESSOR_DEFINITIONS = (
					"DEBUG=1",
					"$(inherited)",
				);
				INFOPLIST_FILE = "messengerTests/messengerTests-Info.plist";
				PRODUCT_NAME = "$(TARGET_NAME)";
				TEST_HOST = "$(BUNDLE_LOADER)";
				WRAPPER_EXTENSION = xctest;
			};
			name = Debug;
		};
		FE0686A71A821FA5005827E3 /* Release */ = {
			isa = XCBuildConfiguration;
			buildSettings = {
				BUNDLE_LOADER = "$(BUILT_PRODUCTS_DIR)/messenger.app/messenger";
				FRAMEWORK_SEARCH_PATHS = (
					"$(SDKROOT)/Developer/Library/Frameworks",
					"$(inherited)",
					"$(DEVELOPER_FRAMEWORKS_DIR)",
				);
				GCC_PRECOMPILE_PREFIX_HEADER = YES;
				GCC_PREFIX_HEADER = "messenger/messenger-Prefix.pch";
				INFOPLIST_FILE = "messengerTests/messengerTests-Info.plist";
				PRODUCT_NAME = "$(TARGET_NAME)";
				TEST_HOST = "$(BUNDLE_LOADER)";
				WRAPPER_EXTENSION = xctest;
			};
			name = Release;
		};
/* End XCBuildConfiguration section */

/* Begin XCConfigurationList section */
		FE0686711A821FA5005827E3 /* Build configuration list for PBXProject "messenger" */ = {
			isa = XCConfigurationList;
			buildConfigurations = (
				FE0686A01A821FA5005827E3 /* Debug */,
				FE0686A11A821FA5005827E3 /* Release */,
			);
			defaultConfigurationIsVisible = 0;
			defaultConfigurationName = Release;
		};
		FE0686A21A821FA5005827E3 /* Build configuration list for PBXNativeTarget "messenger" */ = {
			isa = XCConfigurationList;
			buildConfigurations = (
				FE0686A31A821FA5005827E3 /* Debug */,
				FE0686A41A821FA5005827E3 /* Release */,
			);
			defaultConfigurationIsVisible = 0;
		};
		FE0686A51A821FA5005827E3 /* Build configuration list for PBXNativeTarget "messengerTests" */ = {
			isa = XCConfigurationList;
			buildConfigurations = (
				FE0686A61A821FA5005827E3 /* Debug */,
				FE0686A71A821FA5005827E3 /* Release */,
			);
			defaultConfigurationIsVisible = 0;
		};
/* End XCConfigurationList section */
	};
	rootObject = FE06866E1A821FA5005827E3 /* Project object */;
}
